
Microsoft Visual Studio Solution File, Format Version 12.00
# Visual Studio 15
VisualStudioVersion = 15.0.26430.4
MinimumVisualStudioVersion = 10.0.40219.1
Project("{FAE04EC0-301F-11D3-BF4B-00C04F79EFBC}") = "WebApplication2", "WebApplication2\WebApplication2.csproj", "{FA7AF1D8-6A77-4B2D-9F83-776B651BE48B}"
EndProject
Project("{E53339B2-1760-4266-BCC7-CA923CBCF16C}") = "docker-compose", "docker-compose.dcproj", "{06CA9240-C7D0-478A-B88E-A8F00F20965F}"
EndProject
Global
	GlobalSection(SolutionConfigurationPlatforms) = preSolution
		Debug|Any CPU = Debug|Any CPU
		Release|Any CPU = Release|Any CPU
	EndGlobalSection
	GlobalSection(ProjectConfigurationPlatforms) = postSolution
		{FA7AF1D8-6A77-4B2D-9F83-776B651BE48B}.Debug|Any CPU.ActiveCfg = Debug|Any CPU
		{FA7AF1D8-6A77-4B2D-9F83-776B651BE48B}.Debug|Any CPU.Build.0 = Debug|Any CPU
		{FA7AF1D8-6A77-4B2D-9F83-776B651BE48B}.Release|Any CPU.ActiveCfg = Release|Any CPU
		{FA7AF1D8-6A77-4B2D-9F83-776B651BE48B}.Release|Any CPU.Build.0 = Release|Any CPU
		{06CA9240-C7D0-478A-B88E-A8F00F20965F}.Debug|Any CPU.ActiveCfg = Debug|Any CPU
		{06CA9240-C7D0-478A-B88E-A8F00F20965F}.Debug|Any CPU.Build.0 = Debug|Any CPU
		{06CA9240-C7D0-478A-B88E-A8F00F20965F}.Release|Any CPU.ActiveCfg = Release|Any CPU
		{06CA9240-C7D0-478A-B88E-A8F00F20965F}.Release|Any CPU.Build.0 = Release|Any CPU
	EndGlobalSection
	GlobalSection(SolutionProperties) = preSolution
		HideSolutionNode = FALSE
	EndGlobalSection
EndGlobal
